# This file is autogenerated, do not edit; changes may be undone by the next 'dep ensure'.


[[projects]]
  name = "github.com/boltdb/bolt"
  packages = ["."]
  revision = "583e8937c61f1af6513608ccc75c97b6abdf4ff9"
  version = "v1.3.0"

[[projects]]
  name = "github.com/nlopes/slack"
  packages = ["."]
  revision = "3e8aa5655be613e1d4ce0b740993bb734a2b0f7b"
  version = "v0.0.1"

[[projects]]
  name = "golang.org/x/net"
  packages = ["websocket"]
  revision = "6acef71eb69611914f7a30939ea9f6e194c78172"

[[projects]]
  name = "golang.org/x/sys"
  packages = ["unix"]
  revision = "b699b7032584f0953262cb2788a0ca19bb494703"

[solve-meta]
  analyzer-name = "dep"
  analyzer-version = 1
  inputs-digest = "98208fcecac135956b44c5264f89d334084128e3755fabc3c296df868ce8ef54"
  solver-name = "gps-cdcl"
  solver-version = 1
